
Microsoft Visual Studio Solution File, Format Version 12.00
# Visual Studio Version 16
VisualStudioVersion = 16.0.29519.181
MinimumVisualStudioVersion = 10.0.40219.1
Project("{FAE04EC0-301F-11D3-BF4B-00C04F79EFBC}") = "PropCrawler", "PropCrawler\PropCrawler.csproj", "{189C49B0-3FDD-415A-8C03-D33ED676EB27}"
EndProject
Global
	GlobalSection(SolutionConfigurationPlatforms) = preSolution
		Debug|Any CPU = Debug|Any CPU
		Prod|Any CPU = Prod|Any CPU
		Release|Any CPU = Release|Any CPU
		Test|Any CPU = Test|Any CPU
	EndGlobalSection
	GlobalSection(ProjectConfigurationPlatforms) = postSolution
		{189C49B0-3FDD-415A-8C03-D33ED676EB27}.Debug|Any CPU.ActiveCfg = Debug|Any CPU
		{189C49B0-3FDD-415A-8C03-D33ED676EB27}.Debug|Any CPU.Build.0 = Debug|Any CPU
		{189C49B0-3FDD-415A-8C03-D33ED676EB27}.Prod|Any CPU.ActiveCfg = Release|Any CPU
		{189C49B0-3FDD-415A-8C03-D33ED676EB27}.Prod|Any CPU.Build.0 = Release|Any CPU
		{189C49B0-3FDD-415A-8C03-D33ED676EB27}.Release|Any CPU.ActiveCfg = Release|Any CPU
		{189C49B0-3FDD-415A-8C03-D33ED676EB27}.Release|Any CPU.Build.0 = Release|Any CPU
		{189C49B0-3FDD-415A-8C03-D33ED676EB27}.Test|Any CPU.ActiveCfg = Release|Any CPU
		{189C49B0-3FDD-415A-8C03-D33ED676EB27}.Test|Any CPU.Build.0 = Release|Any CPU
	EndGlobalSection
	GlobalSection(SolutionProperties) = preSolution
		HideSolutionNode = FALSE
	EndGlobalSection
	GlobalSection(ExtensibilityGlobals) = postSolution
		SolutionGuid = {845D333A-96F9-4431-A880-2A6ECC7BDC12}
	EndGlobalSection
EndGlobal
